
Microsoft Visual Studio Solution File, Format Version 12.00
# Visual Studio 15
VisualStudioVersion = 15.0.26124.0
MinimumVisualStudioVersion = 15.0.26124.0
Project("{2150E333-8FDC-42A3-9474-1A3956D46DE8}") = "src", "src", "{4622C7C8-3012-4709-99B2-E92111DAD820}"
EndProject
Project("{FAE04EC0-301F-11D3-BF4B-00C04F79EFBC}") = "Gradebook", "src\Gradebook\Gradebook.csproj", "{C3FDA9DA-5903-484C-8DCA-4F1860926442}"
EndProject
Project("{2150E333-8FDC-42A3-9474-1A3956D46DE8}") = "test", "test", "{0977F1A1-CA48-40EE-8130-777040518687}"
EndProject
Project("{FAE04EC0-301F-11D3-BF4B-00C04F79EFBC}") = "Gradebook.Tests", "test\Gradebook.Tests\Gradebook.Tests.csproj", "{D3BFBA9E-294D-4EB1-9E51-578AA8B19DCE}"
EndProject
Global
	GlobalSection(SolutionConfigurationPlatforms) = preSolution
		Debug|Any CPU = Debug|Any CPU
		Debug|x64 = Debug|x64
		Debug|x86 = Debug|x86
		Release|Any CPU = Release|Any CPU
		Release|x64 = Release|x64
		Release|x86 = Release|x86
	EndGlobalSection
	GlobalSection(SolutionProperties) = preSolution
		HideSolutionNode = FALSE
	EndGlobalSection
	GlobalSection(ProjectConfigurationPlatforms) = postSolution
		{C3FDA9DA-5903-484C-8DCA-4F1860926442}.Debug|Any CPU.ActiveCfg = Debug|Any CPU
		{C3FDA9DA-5903-484C-8DCA-4F1860926442}.Debug|Any CPU.Build.0 = Debug|Any CPU
		{C3FDA9DA-5903-484C-8DCA-4F1860926442}.Debug|x64.ActiveCfg = Debug|Any CPU
		{C3FDA9DA-5903-484C-8DCA-4F1860926442}.Debug|x64.Build.0 = Debug|Any CPU
		{C3FDA9DA-5903-484C-8DCA-4F1860926442}.Debug|x86.ActiveCfg = Debug|Any CPU
		{C3FDA9DA-5903-484C-8DCA-4F1860926442}.Debug|x86.Build.0 = Debug|Any CPU
		{C3FDA9DA-5903-484C-8DCA-4F1860926442}.Release|Any CPU.ActiveCfg = Release|Any CPU
		{C3FDA9DA-5903-484C-8DCA-4F1860926442}.Release|Any CPU.Build.0 = Release|Any CPU
		{C3FDA9DA-5903-484C-8DCA-4F1860926442}.Release|x64.ActiveCfg = Release|Any CPU
		{C3FDA9DA-5903-484C-8DCA-4F1860926442}.Release|x64.Build.0 = Release|Any CPU
		{C3FDA9DA-5903-484C-8DCA-4F1860926442}.Release|x86.ActiveCfg = Release|Any CPU
		{C3FDA9DA-5903-484C-8DCA-4F1860926442}.Release|x86.Build.0 = Release|Any CPU
		{D3BFBA9E-294D-4EB1-9E51-578AA8B19DCE}.Debug|Any CPU.ActiveCfg = Debug|Any CPU
		{D3BFBA9E-294D-4EB1-9E51-578AA8B19DCE}.Debug|Any CPU.Build.0 = Debug|Any CPU
		{D3BFBA9E-294D-4EB1-9E51-578AA8B19DCE}.Debug|x64.ActiveCfg = Debug|Any CPU
		{D3BFBA9E-294D-4EB1-9E51-578AA8B19DCE}.Debug|x64.Build.0 = Debug|Any CPU
		{D3BFBA9E-294D-4EB1-9E51-578AA8B19DCE}.Debug|x86.ActiveCfg = Debug|Any CPU
		{D3BFBA9E-294D-4EB1-9E51-578AA8B19DCE}.Debug|x86.Build.0 = Debug|Any CPU
		{D3BFBA9E-294D-4EB1-9E51-578AA8B19DCE}.Release|Any CPU.ActiveCfg = Release|Any CPU
		{D3BFBA9E-294D-4EB1-9E51-578AA8B19DCE}.Release|Any CPU.Build.0 = Release|Any CPU
		{D3BFBA9E-294D-4EB1-9E51-578AA8B19DCE}.Release|x64.ActiveCfg = Release|Any CPU
		{D3BFBA9E-294D-4EB1-9E51-578AA8B19DCE}.Release|x64.Build.0 = Release|Any CPU
		{D3BFBA9E-294D-4EB1-9E51-578AA8B19DCE}.Release|x86.ActiveCfg = Release|Any CPU
		{D3BFBA9E-294D-4EB1-9E51-578AA8B19DCE}.Release|x86.Build.0 = Release|Any CPU
	EndGlobalSection
	GlobalSection(NestedProjects) = preSolution
		{C3FDA9DA-5903-484C-8DCA-4F1860926442} = {4622C7C8-3012-4709-99B2-E92111DAD820}
		{D3BFBA9E-294D-4EB1-9E51-578AA8B19DCE} = {0977F1A1-CA48-40EE-8130-777040518687}
	EndGlobalSection
EndGlobal
